
Microsoft Visual Studio Solution File, Format Version 12.00
# Visual Studio Version 17
VisualStudioVersion = 17.2.32526.322
MinimumVisualStudioVersion = 10.0.40219.1
Project("{FAE04EC0-301F-11D3-BF4B-00C04F79EFBC}") = "AERengine", "AERengine.csproj", "{3863F6D8-3647-429B-9BC2-1D5542AB7690}"
EndProject
Global
	GlobalSection(SolutionConfigurationPlatforms) = preSolution
		Debug|Any CPU = Debug|Any CPU
		Release|Any CPU = Release|Any CPU
	EndGlobalSection
	GlobalSection(ProjectConfigurationPlatforms) = postSolution
		{3863F6D8-3647-429B-9BC2-1D5542AB7690}.Debug|Any CPU.ActiveCfg = Debug|Any CPU
		{3863F6D8-3647-429B-9BC2-1D5542AB7690}.Debug|Any CPU.Build.0 = Debug|Any CPU
		{3863F6D8-3647-429B-9BC2-1D5542AB7690}.Release|Any CPU.ActiveCfg = Release|Any CPU
		{3863F6D8-3647-429B-9BC2-1D5542AB7690}.Release|Any CPU.Build.0 = Release|Any CPU
	EndGlobalSection
	GlobalSection(SolutionProperties) = preSolution
		HideSolutionNode = FALSE
	EndGlobalSection
	GlobalSection(ExtensibilityGlobals) = postSolution
		SolutionGuid = {BF11FB40-85EE-4D9E-B29A-F9FE4FCD4FD9}
	EndGlobalSection
EndGlobal
